
Microsoft Visual Studio Solution File, Format Version 12.00
# Visual Studio Version 17
VisualStudioVersion = 17.0.31903.59
MinimumVisualStudioVersion = 10.0.40219.1
Project("{9A19103F-16F7-4668-BE54-9A1E7A4F7556}") = "AmdAcc.Customer.App", "apps\dotnet\customer\AmdAcc.Customer.App\AmdAcc.Customer.App.csproj", "{05F82A91-933B-4022-93AA-E61CB5393D9F}"
EndProject
Project("{9A19103F-16F7-4668-BE54-9A1E7A4F7556}") = "AmdAcc.Customer.Core", "apps\dotnet\customer\AmdAcc.Customer.Core\AmdAcc.Customer.Core\AmdAcc.Customer.Core.csproj", "{E3E31F5E-4E4D-4B76-9367-8E5E6026C95D}"
EndProject
Project("{9A19103F-16F7-4668-BE54-9A1E7A4F7556}") = "AmdAcc.Products.App", "apps\dotnet\products\AmdAcc.Products.App\AmdAcc.Products.App.csproj", "{146D8902-F67D-4B0E-8E3F-F30AD6AD2768}"
EndProject
Project("{9A19103F-16F7-4668-BE54-9A1E7A4F7556}") = "AmdAcc.Products.Core", "apps\dotnet\products\AmdAcc.Products.Core\AmdAcc.Products.Core.csproj", "{1DCB621D-98D4-408A-A897-BC30DF23993E}"
EndProject
Project("{9A19103F-16F7-4668-BE54-9A1E7A4F7556}") = "AmdAcc.Products.Data.EF", "apps\dotnet\products\AmdAcc.Products.Data.EF\AmdAcc.Products.Data.EF.csproj", "{5B130720-C638-42D2-B718-A99A105EE972}"
EndProject
Global
	GlobalSection(SolutionConfigurationPlatforms) = preSolution
		Debug|Any CPU = Debug|Any CPU
		Release|Any CPU = Release|Any CPU
	EndGlobalSection
	GlobalSection(ProjectConfigurationPlatforms) = postSolution
		{05F82A91-933B-4022-93AA-E61CB5393D9F}.Debug|Any CPU.ActiveCfg = Debug|Any CPU
		{05F82A91-933B-4022-93AA-E61CB5393D9F}.Debug|Any CPU.Build.0 = Debug|Any CPU
		{05F82A91-933B-4022-93AA-E61CB5393D9F}.Release|Any CPU.ActiveCfg = Release|Any CPU
		{05F82A91-933B-4022-93AA-E61CB5393D9F}.Release|Any CPU.Build.0 = Release|Any CPU
		{E3E31F5E-4E4D-4B76-9367-8E5E6026C95D}.Debug|Any CPU.ActiveCfg = Debug|Any CPU
		{E3E31F5E-4E4D-4B76-9367-8E5E6026C95D}.Debug|Any CPU.Build.0 = Debug|Any CPU
		{E3E31F5E-4E4D-4B76-9367-8E5E6026C95D}.Release|Any CPU.ActiveCfg = Release|Any CPU
		{E3E31F5E-4E4D-4B76-9367-8E5E6026C95D}.Release|Any CPU.Build.0 = Release|Any CPU
		{146D8902-F67D-4B0E-8E3F-F30AD6AD2768}.Debug|Any CPU.ActiveCfg = Debug|Any CPU
		{146D8902-F67D-4B0E-8E3F-F30AD6AD2768}.Debug|Any CPU.Build.0 = Debug|Any CPU
		{146D8902-F67D-4B0E-8E3F-F30AD6AD2768}.Release|Any CPU.ActiveCfg = Release|Any CPU
		{146D8902-F67D-4B0E-8E3F-F30AD6AD2768}.Release|Any CPU.Build.0 = Release|Any CPU
		{1DCB621D-98D4-408A-A897-BC30DF23993E}.Debug|Any CPU.ActiveCfg = Debug|Any CPU
		{1DCB621D-98D4-408A-A897-BC30DF23993E}.Debug|Any CPU.Build.0 = Debug|Any CPU
		{1DCB621D-98D4-408A-A897-BC30DF23993E}.Release|Any CPU.ActiveCfg = Release|Any CPU
		{1DCB621D-98D4-408A-A897-BC30DF23993E}.Release|Any CPU.Build.0 = Release|Any CPU
		{5B130720-C638-42D2-B718-A99A105EE972}.Debug|Any CPU.ActiveCfg = Debug|Any CPU
		{5B130720-C638-42D2-B718-A99A105EE972}.Debug|Any CPU.Build.0 = Debug|Any CPU
		{5B130720-C638-42D2-B718-A99A105EE972}.Release|Any CPU.ActiveCfg = Release|Any CPU
		{5B130720-C638-42D2-B718-A99A105EE972}.Release|Any CPU.Build.0 = Release|Any CPU
	EndGlobalSection
	GlobalSection(SolutionProperties) = preSolution
		HideSolutionNode = FALSE
	EndGlobalSection
	GlobalSection(ExtensibilityGlobals) = postSolution
		SolutionGuid = {7DCBA666-D32E-4302-A44A-938B0A32B019}
	EndGlobalSection
EndGlobal
